<Solution>
  <Folder Name="/samples/">
    <Project Path="samples/TerraformProviderFile/TerraformProviderFile.csproj" />
  </Folder>
  <Folder Name="/src/">
    <Project Path="src/TerraformPluginDotnet/TerraformPluginDotnet.csproj" />
  </Folder>
  <Folder Name="/tests/">
    <Project Path="tests/TerraformPluginDotnet.E2E/TerraformPluginDotnet.E2E.csproj" />
    <Project Path="tests/TerraformPluginDotnet.Tests/TerraformPluginDotnet.Tests.csproj" />
  </Folder>
</Solution>
